
Microsoft Visual Studio Solution File, Format Version 12.00
# Visual Studio 14
VisualStudioVersion = 14.0.25420.1
MinimumVisualStudioVersion = 10.0.40219.1
Project("{FAE04EC0-301F-11D3-BF4B-00C04F79EFBC}") = "Book_Library", "Book_Library\Book_Library.csproj", "{CDA5501C-4F79-44F2-91A0-1B409D5EA5B0}"
EndProject
Project("{FAE04EC0-301F-11D3-BF4B-00C04F79EFBC}") = "Controller", "Controller\Controller.csproj", "{957918E8-8ABA-4027-85CD-9A6C99164D09}"
EndProject
Project("{FAE04EC0-301F-11D3-BF4B-00C04F79EFBC}") = "Model", "Model\Model.csproj", "{BCCC0B76-96A8-4B04-B85E-D0E7E51576B9}"
EndProject
Global
	GlobalSection(SolutionConfigurationPlatforms) = preSolution
		Debug|Any CPU = Debug|Any CPU
		Release|Any CPU = Release|Any CPU
	EndGlobalSection
	GlobalSection(ProjectConfigurationPlatforms) = postSolution
		{CDA5501C-4F79-44F2-91A0-1B409D5EA5B0}.Debug|Any CPU.ActiveCfg = Debug|Any CPU
		{CDA5501C-4F79-44F2-91A0-1B409D5EA5B0}.Debug|Any CPU.Build.0 = Debug|Any CPU
		{CDA5501C-4F79-44F2-91A0-1B409D5EA5B0}.Release|Any CPU.ActiveCfg = Release|Any CPU
		{CDA5501C-4F79-44F2-91A0-1B409D5EA5B0}.Release|Any CPU.Build.0 = Release|Any CPU
		{957918E8-8ABA-4027-85CD-9A6C99164D09}.Debug|Any CPU.ActiveCfg = Debug|Any CPU
		{957918E8-8ABA-4027-85CD-9A6C99164D09}.Debug|Any CPU.Build.0 = Debug|Any CPU
		{957918E8-8ABA-4027-85CD-9A6C99164D09}.Release|Any CPU.ActiveCfg = Release|Any CPU
		{957918E8-8ABA-4027-85CD-9A6C99164D09}.Release|Any CPU.Build.0 = Release|Any CPU
		{BCCC0B76-96A8-4B04-B85E-D0E7E51576B9}.Debug|Any CPU.ActiveCfg = Debug|Any CPU
		{BCCC0B76-96A8-4B04-B85E-D0E7E51576B9}.Debug|Any CPU.Build.0 = Debug|Any CPU
		{BCCC0B76-96A8-4B04-B85E-D0E7E51576B9}.Release|Any CPU.ActiveCfg = Release|Any CPU
		{BCCC0B76-96A8-4B04-B85E-D0E7E51576B9}.Release|Any CPU.Build.0 = Release|Any CPU
	EndGlobalSection
	GlobalSection(SolutionProperties) = preSolution
		HideSolutionNode = FALSE
	EndGlobalSection
EndGlobal
